
Microsoft Visual Studio Solution File, Format Version 12.00
# Visual Studio 15
VisualStudioVersion = 15.0.28010.0
MinimumVisualStudioVersion = 10.0.40219.1
Project("{2150E333-8FDC-42A3-9474-1A3956D46DE8}") = "src", "src", "{0C5B535B-4C41-4656-8031-D4C8F4C95730}"
EndProject
Project("{2150E333-8FDC-42A3-9474-1A3956D46DE8}") = "Services", "Services", "{E0D5F5FF-365E-4058-A22E-E863C5D43DA6}"
EndProject
Project("{2150E333-8FDC-42A3-9474-1A3956D46DE8}") = "Web", "Web", "{69E7E5EC-11F0-4483-B88C-8A1443820DCC}"
EndProject
Project("{FAE04EC0-301F-11D3-BF4B-00C04F79EFBC}") = "ProductCatalogueAPI", "ProductCatalogueAPI\ProductCatalogueAPI.csproj", "{E969BD0D-F5E9-45E5-8214-69821FF57564}"
EndProject
Global
	GlobalSection(SolutionConfigurationPlatforms) = preSolution
		Debug|Any CPU = Debug|Any CPU
		Release|Any CPU = Release|Any CPU
	EndGlobalSection
	GlobalSection(ProjectConfigurationPlatforms) = postSolution
		{E969BD0D-F5E9-45E5-8214-69821FF57564}.Debug|Any CPU.ActiveCfg = Debug|Any CPU
		{E969BD0D-F5E9-45E5-8214-69821FF57564}.Debug|Any CPU.Build.0 = Debug|Any CPU
		{E969BD0D-F5E9-45E5-8214-69821FF57564}.Release|Any CPU.ActiveCfg = Release|Any CPU
		{E969BD0D-F5E9-45E5-8214-69821FF57564}.Release|Any CPU.Build.0 = Release|Any CPU
	EndGlobalSection
	GlobalSection(SolutionProperties) = preSolution
		HideSolutionNode = FALSE
	EndGlobalSection
	GlobalSection(NestedProjects) = preSolution
		{E0D5F5FF-365E-4058-A22E-E863C5D43DA6} = {0C5B535B-4C41-4656-8031-D4C8F4C95730}
		{69E7E5EC-11F0-4483-B88C-8A1443820DCC} = {0C5B535B-4C41-4656-8031-D4C8F4C95730}
		{E969BD0D-F5E9-45E5-8214-69821FF57564} = {E0D5F5FF-365E-4058-A22E-E863C5D43DA6}
	EndGlobalSection
	GlobalSection(ExtensibilityGlobals) = postSolution
		SolutionGuid = {1DAF2C1F-15DE-4495-AE53-610A41E5BB93}
	EndGlobalSection
EndGlobal
